
Microsoft Visual Studio Solution File, Format Version 12.00
# Visual Studio Version 16
VisualStudioVersion = 16.0.29123.88
MinimumVisualStudioVersion = 10.0.40219.1
Project("{FAE04EC0-301F-11D3-BF4B-00C04F79EFBC}") = "MspGridViews", "MspGridViews.csproj", "{4931368F-1CF0-4779-AF41-99680F16B9A4}"
EndProject
Global
	GlobalSection(SolutionConfigurationPlatforms) = preSolution
		Debug|Any CPU = Debug|Any CPU
		Release|Any CPU = Release|Any CPU
	EndGlobalSection
	GlobalSection(ProjectConfigurationPlatforms) = postSolution
		{4931368F-1CF0-4779-AF41-99680F16B9A4}.Debug|Any CPU.ActiveCfg = Debug|Any CPU
		{4931368F-1CF0-4779-AF41-99680F16B9A4}.Debug|Any CPU.Build.0 = Debug|Any CPU
		{4931368F-1CF0-4779-AF41-99680F16B9A4}.Release|Any CPU.ActiveCfg = Release|Any CPU
		{4931368F-1CF0-4779-AF41-99680F16B9A4}.Release|Any CPU.Build.0 = Release|Any CPU
	EndGlobalSection
	GlobalSection(SolutionProperties) = preSolution
		HideSolutionNode = FALSE
	EndGlobalSection
	GlobalSection(ExtensibilityGlobals) = postSolution
		SolutionGuid = {8448C9CC-C4D1-4E02-B354-1D7E64FCE90C}
	EndGlobalSection
EndGlobal
